
Microsoft Visual Studio Solution File, Format Version 12.00
# Visual Studio Version 17
VisualStudioVersion = 17.0.31903.59
MinimumVisualStudioVersion = 10.0.40219.1
Project("{FAE04EC0-301F-11D3-BF4B-00C04F79EFBC}") = "ColorString", "src\ColorString.csproj", "{078A5475-2C77-48F7-95C4-F736031428EF}"
EndProject
Project("{FAE04EC0-301F-11D3-BF4B-00C04F79EFBC}") = "ConsoleTest", "test\ConsoleTest.csproj", "{706A9493-D6CA-4FE8-B1BA-D0A3D16E7AC9}"
EndProject
Global
	GlobalSection(SolutionConfigurationPlatforms) = preSolution
		Debug|Any CPU = Debug|Any CPU
		Release|Any CPU = Release|Any CPU
	EndGlobalSection
	GlobalSection(SolutionProperties) = preSolution
		HideSolutionNode = FALSE
	EndGlobalSection
	GlobalSection(ProjectConfigurationPlatforms) = postSolution
		{078A5475-2C77-48F7-95C4-F736031428EF}.Debug|Any CPU.ActiveCfg = Debug|Any CPU
		{078A5475-2C77-48F7-95C4-F736031428EF}.Debug|Any CPU.Build.0 = Debug|Any CPU
		{078A5475-2C77-48F7-95C4-F736031428EF}.Release|Any CPU.ActiveCfg = Release|Any CPU
		{078A5475-2C77-48F7-95C4-F736031428EF}.Release|Any CPU.Build.0 = Release|Any CPU
		{706A9493-D6CA-4FE8-B1BA-D0A3D16E7AC9}.Debug|Any CPU.ActiveCfg = Debug|Any CPU
		{706A9493-D6CA-4FE8-B1BA-D0A3D16E7AC9}.Debug|Any CPU.Build.0 = Debug|Any CPU
		{706A9493-D6CA-4FE8-B1BA-D0A3D16E7AC9}.Release|Any CPU.ActiveCfg = Release|Any CPU
		{706A9493-D6CA-4FE8-B1BA-D0A3D16E7AC9}.Release|Any CPU.Build.0 = Release|Any CPU
	EndGlobalSection
EndGlobal
